
Microsoft Visual Studio Solution File, Format Version 12.00
# Visual Studio 15
VisualStudioVersion = 15.0.26430.16
MinimumVisualStudioVersion = 10.0.40219.1
Project("{FAE04EC0-301F-11D3-BF4B-00C04F79EFBC}") = "DotNetNumericsPerfTest", "DotNetNumericsPerfTest\DotNetNumericsPerfTest.csproj", "{F847AA5F-8669-45BA-8A69-D9F6646AA9E8}"
EndProject
Project("{2150E333-8FDC-42A3-9474-1A3956D46DE8}") = "Solution Items", "Solution Items", "{312F9FAB-741E-4199-BC77-7A9852FAB401}"
	ProjectSection(SolutionItems) = preProject
		.gitignore = .gitignore
		LICENSE = LICENSE
		README.md = README.md
	EndProjectSection
EndProject
Global
	GlobalSection(SolutionConfigurationPlatforms) = preSolution
		Debug|x64 = Debug|x64
		Release|x64 = Release|x64
	EndGlobalSection
	GlobalSection(ProjectConfigurationPlatforms) = postSolution
		{F847AA5F-8669-45BA-8A69-D9F6646AA9E8}.Debug|x64.ActiveCfg = Debug|x64
		{F847AA5F-8669-45BA-8A69-D9F6646AA9E8}.Debug|x64.Build.0 = Debug|x64
		{F847AA5F-8669-45BA-8A69-D9F6646AA9E8}.Release|x64.ActiveCfg = Release|x64
		{F847AA5F-8669-45BA-8A69-D9F6646AA9E8}.Release|x64.Build.0 = Release|x64
	EndGlobalSection
	GlobalSection(SolutionProperties) = preSolution
		HideSolutionNode = FALSE
	EndGlobalSection
EndGlobal
